
Microsoft Visual Studio Solution File, Format Version 12.00
# Visual Studio Version 17
VisualStudioVersion = 17.13.35931.197
MinimumVisualStudioVersion = 10.0.40219.1
Project("{FAE04EC0-301F-11D3-BF4B-00C04F79EFBC}") = "AStar", "AStar\AStar.csproj", "{EAD8D19A-7B17-4220-965C-B6A663894EAE}"
EndProject
Project("{FAE04EC0-301F-11D3-BF4B-00C04F79EFBC}") = "Dijkstra", "Dijkstra\Dijkstra.csproj", "{D2D09617-9B9E-4044-B7C8-46220144FE1F}"
EndProject
Project("{FAE04EC0-301F-11D3-BF4B-00C04F79EFBC}") = "Collections", "Collections\Collections.csproj", "{FFA65BC1-1768-4D50-A513-441CA5CB6139}"
EndProject
Project("{FAE04EC0-301F-11D3-BF4B-00C04F79EFBC}") = "DoubleDijkstra", "DoubleDijkstra\DoubleDijkstra.csproj", "{93C25861-FD8D-49CB-9A68-99FF04F367F8}"
EndProject
Project("{FAE04EC0-301F-11D3-BF4B-00C04F79EFBC}") = "AStarVsDijkstra", "AStarVsDijkstra\AStarVsDijkstra.csproj", "{B70863C3-59A9-41EF-8329-64B7841AC0B3}"
EndProject
Project("{FAE04EC0-301F-11D3-BF4B-00C04F79EFBC}") = "NewYork", "NewYork\NewYork.csproj", "{25943ACF-12AB-46C9-9D88-16A4135E0BED}"
EndProject
Project("{2150E333-8FDC-42A3-9474-1A3956D46DE8}") = "AStarAndDijkstra", "AStarAndDijkstra", "{02EA681E-C7D8-13C7-8484-4AC65E1B71E8}"
EndProject
Project("{2150E333-8FDC-42A3-9474-1A3956D46DE8}") = "Trees", "Trees", "{268B3ADD-4E3B-459F-8FC5-FFE00B14FB85}"
EndProject
Project("{FAE04EC0-301F-11D3-BF4B-00C04F79EFBC}") = "SpannbaumPrim", "SpannbaumPrim\SpannbaumPrim.csproj", "{0546F985-B735-4FE7-8E1A-44B536771A80}"
EndProject
Project("{FAE04EC0-301F-11D3-BF4B-00C04F79EFBC}") = "SpannbaumKruskal", "SpannbaumKruskal\SpannbaumKruskal.csproj", "{2B0B8E21-843C-45C9-824D-BDE580C62843}"
EndProject
Global
	GlobalSection(SolutionConfigurationPlatforms) = preSolution
		Debug|Any CPU = Debug|Any CPU
		Release|Any CPU = Release|Any CPU
	EndGlobalSection
	GlobalSection(ProjectConfigurationPlatforms) = postSolution
		{EAD8D19A-7B17-4220-965C-B6A663894EAE}.Debug|Any CPU.ActiveCfg = Debug|Any CPU
		{EAD8D19A-7B17-4220-965C-B6A663894EAE}.Debug|Any CPU.Build.0 = Debug|Any CPU
		{EAD8D19A-7B17-4220-965C-B6A663894EAE}.Release|Any CPU.ActiveCfg = Release|Any CPU
		{EAD8D19A-7B17-4220-965C-B6A663894EAE}.Release|Any CPU.Build.0 = Release|Any CPU
		{D2D09617-9B9E-4044-B7C8-46220144FE1F}.Debug|Any CPU.ActiveCfg = Debug|Any CPU
		{D2D09617-9B9E-4044-B7C8-46220144FE1F}.Debug|Any CPU.Build.0 = Debug|Any CPU
		{D2D09617-9B9E-4044-B7C8-46220144FE1F}.Release|Any CPU.ActiveCfg = Release|Any CPU
		{D2D09617-9B9E-4044-B7C8-46220144FE1F}.Release|Any CPU.Build.0 = Release|Any CPU
		{FFA65BC1-1768-4D50-A513-441CA5CB6139}.Debug|Any CPU.ActiveCfg = Debug|Any CPU
		{FFA65BC1-1768-4D50-A513-441CA5CB6139}.Debug|Any CPU.Build.0 = Debug|Any CPU
		{FFA65BC1-1768-4D50-A513-441CA5CB6139}.Release|Any CPU.ActiveCfg = Release|Any CPU
		{FFA65BC1-1768-4D50-A513-441CA5CB6139}.Release|Any CPU.Build.0 = Release|Any CPU
		{93C25861-FD8D-49CB-9A68-99FF04F367F8}.Debug|Any CPU.ActiveCfg = Debug|Any CPU
		{93C25861-FD8D-49CB-9A68-99FF04F367F8}.Debug|Any CPU.Build.0 = Debug|Any CPU
		{93C25861-FD8D-49CB-9A68-99FF04F367F8}.Release|Any CPU.ActiveCfg = Release|Any CPU
		{93C25861-FD8D-49CB-9A68-99FF04F367F8}.Release|Any CPU.Build.0 = Release|Any CPU
		{B70863C3-59A9-41EF-8329-64B7841AC0B3}.Debug|Any CPU.ActiveCfg = Debug|Any CPU
		{B70863C3-59A9-41EF-8329-64B7841AC0B3}.Debug|Any CPU.Build.0 = Debug|Any CPU
		{B70863C3-59A9-41EF-8329-64B7841AC0B3}.Release|Any CPU.ActiveCfg = Release|Any CPU
		{B70863C3-59A9-41EF-8329-64B7841AC0B3}.Release|Any CPU.Build.0 = Release|Any CPU
		{25943ACF-12AB-46C9-9D88-16A4135E0BED}.Debug|Any CPU.ActiveCfg = Debug|Any CPU
		{25943ACF-12AB-46C9-9D88-16A4135E0BED}.Debug|Any CPU.Build.0 = Debug|Any CPU
		{25943ACF-12AB-46C9-9D88-16A4135E0BED}.Release|Any CPU.ActiveCfg = Release|Any CPU
		{25943ACF-12AB-46C9-9D88-16A4135E0BED}.Release|Any CPU.Build.0 = Release|Any CPU
		{0546F985-B735-4FE7-8E1A-44B536771A80}.Debug|Any CPU.ActiveCfg = Debug|Any CPU
		{0546F985-B735-4FE7-8E1A-44B536771A80}.Debug|Any CPU.Build.0 = Debug|Any CPU
		{0546F985-B735-4FE7-8E1A-44B536771A80}.Release|Any CPU.ActiveCfg = Release|Any CPU
		{0546F985-B735-4FE7-8E1A-44B536771A80}.Release|Any CPU.Build.0 = Release|Any CPU
		{2B0B8E21-843C-45C9-824D-BDE580C62843}.Debug|Any CPU.ActiveCfg = Debug|Any CPU
		{2B0B8E21-843C-45C9-824D-BDE580C62843}.Debug|Any CPU.Build.0 = Debug|Any CPU
		{2B0B8E21-843C-45C9-824D-BDE580C62843}.Release|Any CPU.ActiveCfg = Release|Any CPU
		{2B0B8E21-843C-45C9-824D-BDE580C62843}.Release|Any CPU.Build.0 = Release|Any CPU
	EndGlobalSection
	GlobalSection(SolutionProperties) = preSolution
		HideSolutionNode = FALSE
	EndGlobalSection
	GlobalSection(NestedProjects) = preSolution
		{EAD8D19A-7B17-4220-965C-B6A663894EAE} = {02EA681E-C7D8-13C7-8484-4AC65E1B71E8}
		{D2D09617-9B9E-4044-B7C8-46220144FE1F} = {02EA681E-C7D8-13C7-8484-4AC65E1B71E8}
		{FFA65BC1-1768-4D50-A513-441CA5CB6139} = {02EA681E-C7D8-13C7-8484-4AC65E1B71E8}
		{93C25861-FD8D-49CB-9A68-99FF04F367F8} = {02EA681E-C7D8-13C7-8484-4AC65E1B71E8}
		{B70863C3-59A9-41EF-8329-64B7841AC0B3} = {02EA681E-C7D8-13C7-8484-4AC65E1B71E8}
		{25943ACF-12AB-46C9-9D88-16A4135E0BED} = {02EA681E-C7D8-13C7-8484-4AC65E1B71E8}
		{0546F985-B735-4FE7-8E1A-44B536771A80} = {268B3ADD-4E3B-459F-8FC5-FFE00B14FB85}
		{2B0B8E21-843C-45C9-824D-BDE580C62843} = {268B3ADD-4E3B-459F-8FC5-FFE00B14FB85}
	EndGlobalSection
	GlobalSection(ExtensibilityGlobals) = postSolution
		SolutionGuid = {C4181E2C-E315-4E82-B46D-CA1E2E502A00}
	EndGlobalSection
EndGlobal
